
Microsoft Visual Studio Solution File, Format Version 12.00
# Visual Studio Version 16
VisualStudioVersion = 25.0.1705.6
MinimumVisualStudioVersion = 10.0.40219.1
Project("{FAE04EC0-301F-11D3-BF4B-00C04F79EFBC}") = "TesteAB", "TesteAB\TesteAB.csproj", "{D6B5DEE6-417C-4D04-8859-50435666E5CA}"
EndProject
Project("{2150E333-8FDC-42A3-9474-1A3956D46DE8}") = "Solution Items", "Solution Items", "{88D14B53-CE98-4823-AB1E-E46486B7FA52}"
	ProjectSection(SolutionItems) = preProject
		azure-pipelines.yml = azure-pipelines.yml
	EndProjectSection
EndProject
Global
	GlobalSection(SolutionConfigurationPlatforms) = preSolution
		Debug|Any CPU = Debug|Any CPU
		Release|Any CPU = Release|Any CPU
	EndGlobalSection
	GlobalSection(ProjectConfigurationPlatforms) = postSolution
		{D6B5DEE6-417C-4D04-8859-50435666E5CA}.Debug|Any CPU.ActiveCfg = Debug|Any CPU
		{D6B5DEE6-417C-4D04-8859-50435666E5CA}.Debug|Any CPU.Build.0 = Debug|Any CPU
		{D6B5DEE6-417C-4D04-8859-50435666E5CA}.Release|Any CPU.ActiveCfg = Release|Any CPU
		{D6B5DEE6-417C-4D04-8859-50435666E5CA}.Release|Any CPU.Build.0 = Release|Any CPU
	EndGlobalSection
	GlobalSection(SolutionProperties) = preSolution
		HideSolutionNode = FALSE
	EndGlobalSection
	GlobalSection(ExtensibilityGlobals) = postSolution
		SolutionGuid = {939F2B54-6405-4242-A3AC-492A9E18D912}
	EndGlobalSection
EndGlobal
